
Microsoft Visual Studio Solution File, Format Version 12.00
# Visual Studio Version 17
VisualStudioVersion = 17.9.34728.123
MinimumVisualStudioVersion = 10.0.40219.1
Project("{8BC9CEB8-8B4A-11D0-8D11-00A0C91BC942}") = "MP3", "MP3.vcxproj", "{779E3A6B-FD06-4B31-98AC-B344C41C7C8C}"
EndProject
Global
	GlobalSection(SolutionConfigurationPlatforms) = preSolution
		Debug|x64 = Debug|x64
		Debug|x86 = Debug|x86
		Release|x64 = Release|x64
		Release|x86 = Release|x86
	EndGlobalSection
	GlobalSection(ProjectConfigurationPlatforms) = postSolution
		{779E3A6B-FD06-4B31-98AC-B344C41C7C8C}.Debug|x64.ActiveCfg = Debug|x64
		{779E3A6B-FD06-4B31-98AC-B344C41C7C8C}.Debug|x64.Build.0 = Debug|x64
		{779E3A6B-FD06-4B31-98AC-B344C41C7C8C}.Debug|x86.ActiveCfg = Debug|Win32
		{779E3A6B-FD06-4B31-98AC-B344C41C7C8C}.Debug|x86.Build.0 = Debug|Win32
		{779E3A6B-FD06-4B31-98AC-B344C41C7C8C}.Release|x64.ActiveCfg = Release|x64
		{779E3A6B-FD06-4B31-98AC-B344C41C7C8C}.Release|x64.Build.0 = Release|x64
		{779E3A6B-FD06-4B31-98AC-B344C41C7C8C}.Release|x86.ActiveCfg = Release|Win32
		{779E3A6B-FD06-4B31-98AC-B344C41C7C8C}.Release|x86.Build.0 = Release|Win32
	EndGlobalSection
	GlobalSection(SolutionProperties) = preSolution
		HideSolutionNode = FALSE
	EndGlobalSection
	GlobalSection(ExtensibilityGlobals) = postSolution
		SolutionGuid = {ADABC727-8913-4258-8DDF-9A90AD89BF02}
	EndGlobalSection
EndGlobal
